
Microsoft Visual Studio Solution File, Format Version 12.00
# Visual Studio Version 17
VisualStudioVersion = 17.5.33502.453
MinimumVisualStudioVersion = 10.0.40219.1
Project("{9A19103F-16F7-4668-BE54-9A1E7A4F7556}") = "main app", "main app\main app.csproj", "{6E046C88-582A-479E-B70D-4E282B208BDB}"
EndProject
Project("{9A19103F-16F7-4668-BE54-9A1E7A4F7556}") = "calculator", "..\kalkulator\kalkulator\calculator.csproj", "{6C76526E-4504-4D06-81A8-56DDF5E59752}"
EndProject
Global
	GlobalSection(SolutionConfigurationPlatforms) = preSolution
		Debug|Any CPU = Debug|Any CPU
		Release|Any CPU = Release|Any CPU
	EndGlobalSection
	GlobalSection(ProjectConfigurationPlatforms) = postSolution
		{6E046C88-582A-479E-B70D-4E282B208BDB}.Debug|Any CPU.ActiveCfg = Debug|Any CPU
		{6E046C88-582A-479E-B70D-4E282B208BDB}.Debug|Any CPU.Build.0 = Debug|Any CPU
		{6E046C88-582A-479E-B70D-4E282B208BDB}.Release|Any CPU.ActiveCfg = Release|Any CPU
		{6E046C88-582A-479E-B70D-4E282B208BDB}.Release|Any CPU.Build.0 = Release|Any CPU
		{6C76526E-4504-4D06-81A8-56DDF5E59752}.Debug|Any CPU.ActiveCfg = Debug|Any CPU
		{6C76526E-4504-4D06-81A8-56DDF5E59752}.Debug|Any CPU.Build.0 = Debug|Any CPU
		{6C76526E-4504-4D06-81A8-56DDF5E59752}.Release|Any CPU.ActiveCfg = Release|Any CPU
		{6C76526E-4504-4D06-81A8-56DDF5E59752}.Release|Any CPU.Build.0 = Release|Any CPU
	EndGlobalSection
	GlobalSection(SolutionProperties) = preSolution
		HideSolutionNode = FALSE
	EndGlobalSection
	GlobalSection(ExtensibilityGlobals) = postSolution
		SolutionGuid = {22B7D0A1-890C-4011-9D07-A2FCFE955140}
	EndGlobalSection
EndGlobal
